// !$*UTF8*$!
{
	archiveVersion = 1;
	classes = {
	};
	objectVersion = 55;
	objects = {

/* Begin PBXBuildFile section */
		B83DA52B281DEA59003925F5 /* AppDelegate.swift in Sources */ = {isa = PBXBuildFile; fileRef = B83DA52A281DEA59003925F5 /* AppDelegate.swift */; };
		B83DA52F281DEA59003925F5 /* ViewController.swift in Sources */ = {isa = PBXBuildFile; fileRef = B83DA52E281DEA59003925F5 /* ViewController.swift */; };
		B83DA532281DEA59003925F5 /* Main.storyboard in Resources */ = {isa = PBXBuildFile; fileRef = B83DA530281DEA59003925F5 /* Main.storyboard */; };
		B83DA534281DEA5B003925F5 /* Assets.xcassets in Resources */ = {isa = PBXBuildFile; fileRef = B83DA533281DEA5B003925F5 /* Assets.xcassets */; };
		B83DA537281DEA5B003925F5 /* LaunchScreen.storyboard in Resources */ = {isa = PBXBuildFile; fileRef = B83DA535281DEA5B003925F5 /* LaunchScreen.storyboard */; };
		B83DA542281DEBCC003925F5 /* SnapKit in Frameworks */ = {isa = PBXBuildFile; productRef = B83DA541281DEBCC003925F5 /* SnapKit */; };
		B83DA545281DEC1E003925F5 /* ToolbarView.swift in Sources */ = {isa = PBXBuildFile; fileRef = B83DA544281DEC1E003925F5 /* ToolbarView.swift */; };
		B83DA547281DEC3B003925F5 /* WelcomeView.swift in Sources */ = {isa = PBXBuildFile; fileRef = B83DA546281DEC3B003925F5 /* WelcomeView.swift */; };
		B83DA549281DEC51003925F5 /* SearchView.swift in Sources */ = {isa = PBXBuildFile; fileRef = B83DA548281DEC51003925F5 /* SearchView.swift */; };
		B83DA54B281DEC63003925F5 /* CategoriesView.swift in Sources */ = {isa = PBXBuildFile; fileRef = B83DA54A281DEC63003925F5 /* CategoriesView.swift */; };
		B83DA54D281DEC7E003925F5 /* HouseCollectionView.swift in Sources */ = {isa = PBXBuildFile; fileRef = B83DA54C281DEC7E003925F5 /* HouseCollectionView.swift */; };
		B83DA54F281DEC9A003925F5 /* HotelRoomHeader.swift in Sources */ = {isa = PBXBuildFile; fileRef = B83DA54E281DEC9A003925F5 /* HotelRoomHeader.swift */; };
		B83DA551281DECAD003925F5 /* HouseListView.swift in Sources */ = {isa = PBXBuildFile; fileRef = B83DA550281DECAD003925F5 /* HouseListView.swift */; };
		B83DA553281DECC3003925F5 /* TabBarView.swift in Sources */ = {isa = PBXBuildFile; fileRef = B83DA552281DECC3003925F5 /* TabBarView.swift */; };
		B83DA555281DEE04003925F5 /* CategoryModel.swift in Sources */ = {isa = PBXBuildFile; fileRef = B83DA554281DEE04003925F5 /* CategoryModel.swift */; };
		B83DA557281DEE33003925F5 /* HotelViewsModels.swift in Sources */ = {isa = PBXBuildFile; fileRef = B83DA556281DEE33003925F5 /* HotelViewsModels.swift */; };
		B83DA559281DEE8C003925F5 /* TabView.swift in Sources */ = {isa = PBXBuildFile; fileRef = B83DA558281DEE8C003925F5 /* TabView.swift */; };
/* End PBXBuildFile section */

/* Begin PBXFileReference section */
		B83DA527281DEA59003925F5 /* IATC_homework_3.app */ = {isa = PBXFileReference; explicitFileType = wrapper.application; includeInIndex = 0; path = IATC_homework_3.app; sourceTree = BUILT_PRODUCTS_DIR; };
		B83DA52A281DEA59003925F5 /* AppDelegate.swift */ = {isa = PBXFileReference; lastKnownFileType = sourcecode.swift; path = AppDelegate.swift; sourceTree = "<group>"; };
		B83DA52E281DEA59003925F5 /* ViewController.swift */ = {isa = PBXFileReference; lastKnownFileType = sourcecode.swift; path = ViewController.swift; sourceTree = "<group>"; };
		B83DA531281DEA59003925F5 /* Base */ = {isa = PBXFileReference; lastKnownFileType = file.storyboard; name = Base; path = Base.lproj/Main.storyboard; sourceTree = "<group>"; };
		B83DA533281DEA5B003925F5 /* Assets.xcassets */ = {isa = PBXFileReference; lastKnownFileType = folder.assetcatalog; path = Assets.xcassets; sourceTree = "<group>"; };
		B83DA536281DEA5B003925F5 /* Base */ = {isa = PBXFileReference; lastKnownFileType = file.storyboard; name = Base; path = Base.lproj/LaunchScreen.storyboard; sourceTree = "<group>"; };
		B83DA538281DEA5B003925F5 /* Info.plist */ = {isa = PBXFileReference; lastKnownFileType = text.plist.xml; path = Info.plist; sourceTree = "<group>"; };
		B83DA544281DEC1E003925F5 /* ToolbarView.swift */ = {isa = PBXFileReference; lastKnownFileType = sourcecode.swift; path = ToolbarView.swift; sourceTree = "<group>"; };
		B83DA546281DEC3B003925F5 /* WelcomeView.swift */ = {isa = PBXFileReference; lastKnownFileType = sourcecode.swift; path = WelcomeView.swift; sourceTree = "<group>"; };
		B83DA548281DEC51003925F5 /* SearchView.swift */ = {isa = PBXFileReference; lastKnownFileType = sourcecode.swift; path = SearchView.swift; sourceTree = "<group>"; };
		B83DA54A281DEC63003925F5 /* CategoriesView.swift */ = {isa = PBXFileReference; lastKnownFileType = sourcecode.swift; path = CategoriesView.swift; sourceTree = "<group>"; };
		B83DA54C281DEC7E003925F5 /* HouseCollectionView.swift */ = {isa = PBXFileReference; lastKnownFileType = sourcecode.swift; path = HouseCollectionView.swift; sourceTree = "<group>"; };
		B83DA54E281DEC9A003925F5 /* HotelRoomHeader.swift */ = {isa = PBXFileReference; lastKnownFileType = sourcecode.swift; path = HotelRoomHeader.swift; sourceTree = "<group>"; };
		B83DA550281DECAD003925F5 /* HouseListView.swift */ = {isa = PBXFileReference; lastKnownFileType = sourcecode.swift; path = HouseListView.swift; sourceTree = "<group>"; };
		B83DA552281DECC3003925F5 /* TabBarView.swift */ = {isa = PBXFileReference; lastKnownFileType = sourcecode.swift; path = TabBarView.swift; sourceTree = "<group>"; };
		B83DA554281DEE04003925F5 /* CategoryModel.swift */ = {isa = PBXFileReference; lastKnownFileType = sourcecode.swift; path = CategoryModel.swift; sourceTree = "<group>"; };
		B83DA556281DEE33003925F5 /* HotelViewsModels.swift */ = {isa = PBXFileReference; lastKnownFileType = sourcecode.swift; path = HotelViewsModels.swift; sourceTree = "<group>"; };
		B83DA558281DEE8C003925F5 /* TabView.swift */ = {isa = PBXFileReference; lastKnownFileType = sourcecode.swift; path = TabView.swift; sourceTree = "<group>"; };
/* End PBXFileReference section */

/* Begin PBXFrameworksBuildPhase section */
		B83DA524281DEA59003925F5 /* Frameworks */ = {
			isa = PBXFrameworksBuildPhase;
			buildActionMask = 2147483647;
			files = (
				B83DA542281DEBCC003925F5 /* SnapKit in Frameworks */,
			);
			runOnlyForDeploymentPostprocessing = 0;
		};
/* End PBXFrameworksBuildPhase section */

/* Begin PBXGroup section */
		B83DA51E281DEA59003925F5 = {
			isa = PBXGroup;
			children = (
				B83DA529281DEA59003925F5 /* IATC_homework_3 */,
				B83DA528281DEA59003925F5 /* Products */,
			);
			sourceTree = "<group>";
		};
		B83DA528281DEA59003925F5 /* Products */ = {
			isa = PBXGroup;
			children = (
				B83DA527281DEA59003925F5 /* IATC_homework_3.app */,
			);
			name = Products;
			sourceTree = "<group>";
		};
		B83DA529281DEA59003925F5 /* IATC_homework_3 */ = {
			isa = PBXGroup;
			children = (
				B83DA543281DEBF9003925F5 /* Models */,
				B83DA52A281DEA59003925F5 /* AppDelegate.swift */,
				B83DA52E281DEA59003925F5 /* ViewController.swift */,
				B83DA530281DEA59003925F5 /* Main.storyboard */,
				B83DA533281DEA5B003925F5 /* Assets.xcassets */,
				B83DA535281DEA5B003925F5 /* LaunchScreen.storyboard */,
				B83DA538281DEA5B003925F5 /* Info.plist */,
				B83DA544281DEC1E003925F5 /* ToolbarView.swift */,
				B83DA546281DEC3B003925F5 /* WelcomeView.swift */,
				B83DA548281DEC51003925F5 /* SearchView.swift */,
				B83DA54A281DEC63003925F5 /* CategoriesView.swift */,
				B83DA552281DECC3003925F5 /* TabBarView.swift */,
				B83DA54C281DEC7E003925F5 /* HouseCollectionView.swift */,
				B83DA54E281DEC9A003925F5 /* HotelRoomHeader.swift */,
				B83DA550281DECAD003925F5 /* HouseListView.swift */,
			);
			path = IATC_homework_3;
			sourceTree = "<group>";
		};
		B83DA543281DEBF9003925F5 /* Models */ = {
			isa = PBXGroup;
			children = (
				B83DA554281DEE04003925F5 /* CategoryModel.swift */,
				B83DA556281DEE33003925F5 /* HotelViewsModels.swift */,
				B83DA558281DEE8C003925F5 /* TabView.swift */,
			);
			path = Models;
			sourceTree = "<group>";
		};
/* End PBXGroup section */

/* Begin PBXNativeTarget section */
		B83DA526281DEA59003925F5 /* IATC_homework_3 */ = {
			isa = PBXNativeTarget;
			buildConfigurationList = B83DA53B281DEA5B003925F5 /* Build configuration list for PBXNativeTarget "IATC_homework_3" */;
			buildPhases = (
				B83DA523281DEA59003925F5 /* Sources */,
				B83DA524281DEA59003925F5 /* Frameworks */,
				B83DA525281DEA59003925F5 /* Resources */,
			);
			buildRules = (
			);
			dependencies = (
			);
			name = IATC_homework_3;
			packageProductDependencies = (
				B83DA541281DEBCC003925F5 /* SnapKit */,
			);
			productName = IATC_homework_3;
			productReference = B83DA527281DEA59003925F5 /* IATC_homework_3.app */;
			productType = "com.apple.product-type.application";
		};
/* End PBXNativeTarget section */

/* Begin PBXProject section */
		B83DA51F281DEA59003925F5 /* Project object */ = {
			isa = PBXProject;
			attributes = {
				BuildIndependentTargetsInParallel = 1;
				LastSwiftUpdateCheck = 1330;
				LastUpgradeCheck = 1330;
				TargetAttributes = {
					B83DA526281DEA59003925F5 = {
						CreatedOnToolsVersion = 13.3.1;
					};
				};
			};
			buildConfigurationList = B83DA522281DEA59003925F5 /* Build configuration list for PBXProject "IATC_homework_3" */;
			compatibilityVersion = "Xcode 13.0";
			developmentRegion = en;
			hasScannedForEncodings = 0;
			knownRegions = (
				en,
				Base,
			);
			mainGroup = B83DA51E281DEA59003925F5;
			packageReferences = (
				B83DA540281DEBCC003925F5 /* XCRemoteSwiftPackageReference "SnapKit" */,
			);
			productRefGroup = B83DA528281DEA59003925F5 /* Products */;
			projectDirPath = "";
			projectRoot = "";
			targets = (
				B83DA526281DEA59003925F5 /* IATC_homework_3 */,
			);
		};
/* End PBXProject section */

/* Begin PBXResourcesBuildPhase section */
		B83DA525281DEA59003925F5 /* Resources */ = {
			isa = PBXResourcesBuildPhase;
			buildActionMask = 2147483647;
			files = (
				B83DA537281DEA5B003925F5 /* LaunchScreen.storyboard in Resources */,
				B83DA534281DEA5B003925F5 /* Assets.xcassets in Resources */,
				B83DA532281DEA59003925F5 /* Main.storyboard in Resources */,
			);
			runOnlyForDeploymentPostprocessing = 0;
		};
/* End PBXResourcesBuildPhase section */

/* Begin PBXSourcesBuildPhase section */
		B83DA523281DEA59003925F5 /* Sources */ = {
			isa = PBXSourcesBuildPhase;
			buildActionMask = 2147483647;
			files = (
				B83DA549281DEC51003925F5 /* SearchView.swift in Sources */,
				B83DA547281DEC3B003925F5 /* WelcomeView.swift in Sources */,
				B83DA559281DEE8C003925F5 /* TabView.swift in Sources */,
				B83DA553281DECC3003925F5 /* TabBarView.swift in Sources */,
				B83DA555281DEE04003925F5 /* CategoryModel.swift in Sources */,
				B83DA557281DEE33003925F5 /* HotelViewsModels.swift in Sources */,
				B83DA54F281DEC9A003925F5 /* HotelRoomHeader.swift in Sources */,
				B83DA54D281DEC7E003925F5 /* HouseCollectionView.swift in Sources */,
				B83DA551281DECAD003925F5 /* HouseListView.swift in Sources */,
				B83DA54B281DEC63003925F5 /* CategoriesView.swift in Sources */,
				B83DA52F281DEA59003925F5 /* ViewController.swift in Sources */,
				B83DA545281DEC1E003925F5 /* ToolbarView.swift in Sources */,
				B83DA52B281DEA59003925F5 /* AppDelegate.swift in Sources */,
			);
			runOnlyForDeploymentPostprocessing = 0;
		};
/* End PBXSourcesBuildPhase section */

/* Begin PBXVariantGroup section */
		B83DA530281DEA59003925F5 /* Main.storyboard */ = {
			isa = PBXVariantGroup;
			children = (
				B83DA531281DEA59003925F5 /* Base */,
			);
			name = Main.storyboard;
			sourceTree = "<group>";
		};
		B83DA535281DEA5B003925F5 /* LaunchScreen.storyboard */ = {
			isa = PBXVariantGroup;
			children = (
				B83DA536281DEA5B003925F5 /* Base */,
			);
			name = LaunchScreen.storyboard;
			sourceTree = "<group>";
		};
/* End PBXVariantGroup section */

/* Begin XCBuildConfiguration section */
		B83DA539281DEA5B003925F5 /* Debug */ = {
			isa = XCBuildConfiguration;
			buildSettings = {
				ALWAYS_SEARCH_USER_PATHS = NO;
				CLANG_ANALYZER_NONNULL = YES;
				CLANG_ANALYZER_NUMBER_OBJECT_CONVERSION = YES_AGGRESSIVE;
				CLANG_CXX_LANGUAGE_STANDARD = "gnu++17";
				CLANG_ENABLE_MODULES = YES;
				CLANG_ENABLE_OBJC_ARC = YES;
				CLANG_ENABLE_OBJC_WEAK = YES;
				CLANG_WARN_BLOCK_CAPTURE_AUTORELEASING = YES;
				CLANG_WARN_BOOL_CONVERSION = YES;
				CLANG_WARN_COMMA = YES;
				CLANG_WARN_CONSTANT_CONVERSION = YES;
				CLANG_WARN_DEPRECATED_OBJC_IMPLEMENTATIONS = YES;
				CLANG_WARN_DIRECT_OBJC_ISA_USAGE = YES_ERROR;
				CLANG_WARN_DOCUMENTATION_COMMENTS = YES;
				CLANG_WARN_EMPTY_BODY = YES;
				CLANG_WARN_ENUM_CONVERSION = YES;
				CLANG_WARN_INFINITE_RECURSION = YES;
				CLANG_WARN_INT_CONVERSION = YES;
				CLANG_WARN_NON_LITERAL_NULL_CONVERSION = YES;
				CLANG_WARN_OBJC_IMPLICIT_RETAIN_SELF = YES;
				CLANG_WARN_OBJC_LITERAL_CONVERSION = YES;
				CLANG_WARN_OBJC_ROOT_CLASS = YES_ERROR;
				CLANG_WARN_QUOTED_INCLUDE_IN_FRAMEWORK_HEADER = YES;
				CLANG_WARN_RANGE_LOOP_ANALYSIS = YES;
				CLANG_WARN_STRICT_PROTOTYPES = YES;
				CLANG_WARN_SUSPICIOUS_MOVE = YES;
				CLANG_WARN_UNGUARDED_AVAILABILITY = YES_AGGRESSIVE;
				CLANG_WARN_UNREACHABLE_CODE = YES;
				CLANG_WARN__DUPLICATE_METHOD_MATCH = YES;
				COPY_PHASE_STRIP = NO;
				DEBUG_INFORMATION_FORMAT = dwarf;
				ENABLE_STRICT_OBJC_MSGSEND = YES;
				ENABLE_TESTABILITY = YES;
				GCC_C_LANGUAGE_STANDARD = gnu11;
				GCC_DYNAMIC_NO_PIC = NO;
				GCC_NO_COMMON_BLOCKS = YES;
				GCC_OPTIMIZATION_LEVEL = 0;
				GCC_PREPROCESSOR_DEFINITIONS = (
					"DEBUG=1",
					"$(inherited)",
				);
				GCC_WARN_64_TO_32_BIT_CONVERSION = YES;
				GCC_WARN_ABOUT_RETURN_TYPE = YES_ERROR;
				GCC_WARN_UNDECLARED_SELECTOR = YES;
				GCC_WARN_UNINITIALIZED_AUTOS = YES_AGGRESSIVE;
				GCC_WARN_UNUSED_FUNCTION = YES;
				GCC_WARN_UNUSED_VARIABLE = YES;
				IPHONEOS_DEPLOYMENT_TARGET = 15.4;
				MTL_ENABLE_DEBUG_INFO = INCLUDE_SOURCE;
				MTL_FAST_MATH = YES;
				ONLY_ACTIVE_ARCH = YES;
				SDKROOT = iphoneos;
				SWIFT_ACTIVE_COMPILATION_CONDITIONS = DEBUG;
				SWIFT_OPTIMIZATION_LEVEL = "-Onone";
			};
			name = Debug;
		};
		B83DA53A281DEA5B003925F5 /* Release */ = {
			isa = XCBuildConfiguration;
			buildSettings = {
				ALWAYS_SEARCH_USER_PATHS = NO;
				CLANG_ANALYZER_NONNULL = YES;
				CLANG_ANALYZER_NUMBER_OBJECT_CONVERSION = YES_AGGRESSIVE;
				CLANG_CXX_LANGUAGE_STANDARD = "gnu++17";
				CLANG_ENABLE_MODULES = YES;
				CLANG_ENABLE_OBJC_ARC = YES;
				CLANG_ENABLE_OBJC_WEAK = YES;
				CLANG_WARN_BLOCK_CAPTURE_AUTORELEASING = YES;
				CLANG_WARN_BOOL_CONVERSION = YES;
				CLANG_WARN_COMMA = YES;
				CLANG_WARN_CONSTANT_CONVERSION = YES;
				CLANG_WARN_DEPRECATED_OBJC_IMPLEMENTATIONS = YES;
				CLANG_WARN_DIRECT_OBJC_ISA_USAGE = YES_ERROR;
				CLANG_WARN_DOCUMENTATION_COMMENTS = YES;
				CLANG_WARN_EMPTY_BODY = YES;
				CLANG_WARN_ENUM_CONVERSION = YES;
				CLANG_WARN_INFINITE_RECURSION = YES;
				CLANG_WARN_INT_CONVERSION = YES;
				CLANG_WARN_NON_LITERAL_NULL_CONVERSION = YES;
				CLANG_WARN_OBJC_IMPLICIT_RETAIN_SELF = YES;
				CLANG_WARN_OBJC_LITERAL_CONVERSION = YES;
				CLANG_WARN_OBJC_ROOT_CLASS = YES_ERROR;
				CLANG_WARN_QUOTED_INCLUDE_IN_FRAMEWORK_HEADER = YES;
				CLANG_WARN_RANGE_LOOP_ANALYSIS = YES;
				CLANG_WARN_STRICT_PROTOTYPES = YES;
				CLANG_WARN_SUSPICIOUS_MOVE = YES;
				CLANG_WARN_UNGUARDED_AVAILABILITY = YES_AGGRESSIVE;
				CLANG_WARN_UNREACHABLE_CODE = YES;
				CLANG_WARN__DUPLICATE_METHOD_MATCH = YES;
				COPY_PHASE_STRIP = NO;
				DEBUG_INFORMATION_FORMAT = "dwarf-with-dsym";
				ENABLE_NS_ASSERTIONS = NO;
				ENABLE_STRICT_OBJC_MSGSEND = YES;
				GCC_C_LANGUAGE_STANDARD = gnu11;
				GCC_NO_COMMON_BLOCKS = YES;
				GCC_WARN_64_TO_32_BIT_CONVERSION = YES;
				GCC_WARN_ABOUT_RETURN_TYPE = YES_ERROR;
				GCC_WARN_UNDECLARED_SELECTOR = YES;
				GCC_WARN_UNINITIALIZED_AUTOS = YES_AGGRESSIVE;
				GCC_WARN_UNUSED_FUNCTION = YES;
				GCC_WARN_UNUSED_VARIABLE = YES;
				IPHONEOS_DEPLOYMENT_TARGET = 15.4;
				MTL_ENABLE_DEBUG_INFO = NO;
				MTL_FAST_MATH = YES;
				SDKROOT = iphoneos;
				SWIFT_COMPILATION_MODE = wholemodule;
				SWIFT_OPTIMIZATION_LEVEL = "-O";
				VALIDATE_PRODUCT = YES;
			};
			name = Release;
		};
		B83DA53C281DEA5B003925F5 /* Debug */ = {
			isa = XCBuildConfiguration;
			buildSettings = {
				ASSETCATALOG_COMPILER_APPICON_NAME = AppIcon;
				ASSETCATALOG_COMPILER_GLOBAL_ACCENT_COLOR_NAME = AccentColor;
				CODE_SIGN_STYLE = Automatic;
				CURRENT_PROJECT_VERSION = 1;
				DEVELOPMENT_TEAM = U243U99T75;
				GENERATE_INFOPLIST_FILE = YES;
				INFOPLIST_FILE = IATC_homework_3/Info.plist;
				INFOPLIST_KEY_UIApplicationSupportsIndirectInputEvents = YES;
				INFOPLIST_KEY_UILaunchStoryboardName = LaunchScreen;
				INFOPLIST_KEY_UISupportedInterfaceOrientations = UIInterfaceOrientationPortrait;
				INFOPLIST_KEY_UISupportedInterfaceOrientations_iPad = "UIInterfaceOrientationPortrait UIInterfaceOrientationPortraitUpsideDown UIInterfaceOrientationLandscapeLeft UIInterfaceOrientationLandscapeRight";
				INFOPLIST_KEY_UISupportedInterfaceOrientations_iPhone = "UIInterfaceOrientationPortrait UIInterfaceOrientationLandscapeLeft UIInterfaceOrientationLandscapeRight";
				LD_RUNPATH_SEARCH_PATHS = (
					"$(inherited)",
					"@executable_path/Frameworks",
				);
				MARKETING_VERSION = 1.0;
				PRODUCT_BUNDLE_IDENTIFIER = "com.nihatismayilov.IATC-homework-3";
				PRODUCT_NAME = "$(TARGET_NAME)";
				SWIFT_EMIT_LOC_STRINGS = YES;
				SWIFT_VERSION = 5.0;
				TARGETED_DEVICE_FAMILY = 1;
			};
			name = Debug;
		};
		B83DA53D281DEA5B003925F5 /* Release */ = {
			isa = XCBuildConfiguration;
			buildSettings = {
				ASSETCATALOG_COMPILER_APPICON_NAME = AppIcon;
				ASSETCATALOG_COMPILER_GLOBAL_ACCENT_COLOR_NAME = AccentColor;
				CODE_SIGN_STYLE = Automatic;
				CURRENT_PROJECT_VERSION = 1;
				DEVELOPMENT_TEAM = U243U99T75;
				GENERATE_INFOPLIST_FILE = YES;
				INFOPLIST_FILE = IATC_homework_3/Info.plist;
				INFOPLIST_KEY_UIApplicationSupportsIndirectInputEvents = YES;
				INFOPLIST_KEY_UILaunchStoryboardName = LaunchScreen;
				INFOPLIST_KEY_UISupportedInterfaceOrientations = UIInterfaceOrientationPortrait;
				INFOPLIST_KEY_UISupportedInterfaceOrientations_iPad = "UIInterfaceOrientationPortrait UIInterfaceOrientationPortraitUpsideDown UIInterfaceOrientationLandscapeLeft UIInterfaceOrientationLandscapeRight";
				INFOPLIST_KEY_UISupportedInterfaceOrientations_iPhone = "UIInterfaceOrientationPortrait UIInterfaceOrientationLandscapeLeft UIInterfaceOrientationLandscapeRight";
				LD_RUNPATH_SEARCH_PATHS = (
					"$(inherited)",
					"@executable_path/Frameworks",
				);
				MARKETING_VERSION = 1.0;
				PRODUCT_BUNDLE_IDENTIFIER = "com.nihatismayilov.IATC-homework-3";
				PRODUCT_NAME = "$(TARGET_NAME)";
				SWIFT_EMIT_LOC_STRINGS = YES;
				SWIFT_VERSION = 5.0;
				TARGETED_DEVICE_FAMILY = 1;
			};
			name = Release;
		};
/* End XCBuildConfiguration section */

/* Begin XCConfigurationList section */
		B83DA522281DEA59003925F5 /* Build configuration list for PBXProject "IATC_homework_3" */ = {
			isa = XCConfigurationList;
			buildConfigurations = (
				B83DA539281DEA5B003925F5 /* Debug */,
				B83DA53A281DEA5B003925F5 /* Release */,
			);
			defaultConfigurationIsVisible = 0;
			defaultConfigurationName = Release;
		};
		B83DA53B281DEA5B003925F5 /* Build configuration list for PBXNativeTarget "IATC_homework_3" */ = {
			isa = XCConfigurationList;
			buildConfigurations = (
				B83DA53C281DEA5B003925F5 /* Debug */,
				B83DA53D281DEA5B003925F5 /* Release */,
			);
			defaultConfigurationIsVisible = 0;
			defaultConfigurationName = Release;
		};
/* End XCConfigurationList section */

/* Begin XCRemoteSwiftPackageReference section */
		B83DA540281DEBCC003925F5 /* XCRemoteSwiftPackageReference "SnapKit" */ = {
			isa = XCRemoteSwiftPackageReference;
			repositoryURL = "https://github.com/SnapKit/SnapKit";
			requirement = {
				kind = upToNextMajorVersion;
				minimumVersion = 5.0.0;
			};
		};
/* End XCRemoteSwiftPackageReference section */

/* Begin XCSwiftPackageProductDependency section */
		B83DA541281DEBCC003925F5 /* SnapKit */ = {
			isa = XCSwiftPackageProductDependency;
			package = B83DA540281DEBCC003925F5 /* XCRemoteSwiftPackageReference "SnapKit" */;
			productName = SnapKit;
		};
/* End XCSwiftPackageProductDependency section */
	};
	rootObject = B83DA51F281DEA59003925F5 /* Project object */;
}
